# This file is autogenerated, do not edit; changes may be undone by the next 'dep ensure'.


[[projects]]
  name = "github.com/rs/xid"
  packages = ["."]
  revision = "2c7e97ce663ff82c49656bca3048df0fdd83c5f9"
  version = "v1.2.0"

[[projects]]
  branch = "master"
  name = "golang.org/x/sys"
  packages = [
    "unix",
    "windows"
  ]
  revision = "14742f9018cd6651ec7364dc6ee08af0baaa1031"

[solve-meta]
  analyzer-name = "dep"
  analyzer-version = 1
  inputs-digest = "f8b13e074f90e5bffd15fda258d85aa3c94e10fb61d1b524336e69056c7ecae2"
  solver-name = "gps-cdcl"
  solver-version = 1
